
Microsoft Visual Studio Solution File, Format Version 12.00
# Visual Studio Version 17
VisualStudioVersion = 17.0.32112.339
MinimumVisualStudioVersion = 10.0.40219.1
Project("{2150E333-8FDC-42A3-9474-1A3956D46DE8}") = "Services", "Services", "{71EB4562-2F07-4933-80A1-990AD3E192B7}"
EndProject
Project("{2150E333-8FDC-42A3-9474-1A3956D46DE8}") = "WebApps", "WebApps", "{F3573F39-DC65-4314-9590-F818C9CB9E57}"
EndProject
Project("{2150E333-8FDC-42A3-9474-1A3956D46DE8}") = "Cadastros", "Cadastros", "{5209A141-60DE-4560-A007-86691CEA3385}"
EndProject
Project("{2150E333-8FDC-42A3-9474-1A3956D46DE8}") = "Catalogo", "Catalogo", "{F6B241DD-6BDB-407B-99ED-85FE88F3034D}"
EndProject
Project("{2150E333-8FDC-42A3-9474-1A3956D46DE8}") = "Core", "Core", "{FCDFECF3-9EC2-415A-98EB-C47CE3410681}"
EndProject
Project("{2150E333-8FDC-42A3-9474-1A3956D46DE8}") = "Fiscal", "Fiscal", "{47361B34-C059-476B-87F2-88649B185D3B}"
EndProject
Project("{2150E333-8FDC-42A3-9474-1A3956D46DE8}") = "Pagamentos", "Pagamentos", "{0E1FD3E3-3EFD-45A2-99E8-555549083EF6}"
EndProject
Project("{2150E333-8FDC-42A3-9474-1A3956D46DE8}") = "Vendas", "Vendas", "{4EE62452-7D38-44CE-BADE-DA2A739CF6FE}"
EndProject
Project("{FAE04EC0-301F-11D3-BF4B-00C04F79EFBC}") = "NerdStore.Catalogo.Domain", "src\NerdStore.Catalogo.Domain\NerdStore.Catalogo.Domain.csproj", "{A3C19A1D-9B8F-4B69-AE81-54DF027160FB}"
EndProject
Project("{FAE04EC0-301F-11D3-BF4B-00C04F79EFBC}") = "NerdStore.Core", "src\NerdStore.Core\NerdStore.Core.csproj", "{8D87C9AD-A0AC-46D0-AA99-C704522D0021}"
EndProject
Global
	GlobalSection(SolutionConfigurationPlatforms) = preSolution
		Debug|Any CPU = Debug|Any CPU
		Release|Any CPU = Release|Any CPU
	EndGlobalSection
	GlobalSection(ProjectConfigurationPlatforms) = postSolution
		{A3C19A1D-9B8F-4B69-AE81-54DF027160FB}.Debug|Any CPU.ActiveCfg = Debug|Any CPU
		{A3C19A1D-9B8F-4B69-AE81-54DF027160FB}.Debug|Any CPU.Build.0 = Debug|Any CPU
		{A3C19A1D-9B8F-4B69-AE81-54DF027160FB}.Release|Any CPU.ActiveCfg = Release|Any CPU
		{A3C19A1D-9B8F-4B69-AE81-54DF027160FB}.Release|Any CPU.Build.0 = Release|Any CPU
		{8D87C9AD-A0AC-46D0-AA99-C704522D0021}.Debug|Any CPU.ActiveCfg = Debug|Any CPU
		{8D87C9AD-A0AC-46D0-AA99-C704522D0021}.Debug|Any CPU.Build.0 = Debug|Any CPU
		{8D87C9AD-A0AC-46D0-AA99-C704522D0021}.Release|Any CPU.ActiveCfg = Release|Any CPU
		{8D87C9AD-A0AC-46D0-AA99-C704522D0021}.Release|Any CPU.Build.0 = Release|Any CPU
	EndGlobalSection
	GlobalSection(SolutionProperties) = preSolution
		HideSolutionNode = FALSE
	EndGlobalSection
	GlobalSection(NestedProjects) = preSolution
		{5209A141-60DE-4560-A007-86691CEA3385} = {71EB4562-2F07-4933-80A1-990AD3E192B7}
		{F6B241DD-6BDB-407B-99ED-85FE88F3034D} = {71EB4562-2F07-4933-80A1-990AD3E192B7}
		{FCDFECF3-9EC2-415A-98EB-C47CE3410681} = {71EB4562-2F07-4933-80A1-990AD3E192B7}
		{47361B34-C059-476B-87F2-88649B185D3B} = {71EB4562-2F07-4933-80A1-990AD3E192B7}
		{0E1FD3E3-3EFD-45A2-99E8-555549083EF6} = {71EB4562-2F07-4933-80A1-990AD3E192B7}
		{4EE62452-7D38-44CE-BADE-DA2A739CF6FE} = {71EB4562-2F07-4933-80A1-990AD3E192B7}
		{A3C19A1D-9B8F-4B69-AE81-54DF027160FB} = {F6B241DD-6BDB-407B-99ED-85FE88F3034D}
		{8D87C9AD-A0AC-46D0-AA99-C704522D0021} = {FCDFECF3-9EC2-415A-98EB-C47CE3410681}
	EndGlobalSection
	GlobalSection(ExtensibilityGlobals) = postSolution
		SolutionGuid = {9D4332AC-93A8-48B9-BCBE-855FFBCA7886}
	EndGlobalSection
EndGlobal
